// !$*UTF8*$!
{
	archiveVersion = 1;
	classes = {
	};
	objectVersion = 46;
	objects = {

/* Begin PBXBuildFile section */
		0929AF151EC1A24E00FF18D1 /* SecondTabbarItem.swift in Sources */ = {isa = PBXBuildFile; fileRef = 0929AF141EC1A24E00FF18D1 /* SecondTabbarItem.swift */; };
		09D5C2B21EC0903C002AACDE /* AppDelegate.swift in Sources */ = {isa = PBXBuildFile; fileRef = 09D5C2B11EC0903C002AACDE /* AppDelegate.swift */; };
		09D5C2B41EC0903C002AACDE /* ViewControllerFirst.swift in Sources */ = {isa = PBXBuildFile; fileRef = 09D5C2B31EC0903C002AACDE /* ViewControllerFirst.swift */; };
		09D5C2B71EC0903C002AACDE /* Main.storyboard in Resources */ = {isa = PBXBuildFile; fileRef = 09D5C2B51EC0903C002AACDE /* Main.storyboard */; };
		09D5C2B91EC0903C002AACDE /* Assets.xcassets in Resources */ = {isa = PBXBuildFile; fileRef = 09D5C2B81EC0903C002AACDE /* Assets.xcassets */; };
		09D5C2BC1EC0903C002AACDE /* LaunchScreen.storyboard in Resources */ = {isa = PBXBuildFile; fileRef = 09D5C2BA1EC0903C002AACDE /* LaunchScreen.storyboard */; };
		09D5C2C71EC0903C002AACDE /* TabWithMenuTests.swift in Sources */ = {isa = PBXBuildFile; fileRef = 09D5C2C61EC0903C002AACDE /* TabWithMenuTests.swift */; };
		09D5C2D21EC0903C002AACDE /* TabWithMenuUITests.swift in Sources */ = {isa = PBXBuildFile; fileRef = 09D5C2D11EC0903C002AACDE /* TabWithMenuUITests.swift */; };
		09D5C2E11EC09067002AACDE /* SWRevealViewController.m in Sources */ = {isa = PBXBuildFile; fileRef = 09D5C2E01EC09067002AACDE /* SWRevealViewController.m */; };
		09D5C2E41EC096A5002AACDE /* MenuVC.swift in Sources */ = {isa = PBXBuildFile; fileRef = 09D5C2E31EC096A5002AACDE /* MenuVC.swift */; };
		09D5C2E61EC09C14002AACDE /* OtherVC.swift in Sources */ = {isa = PBXBuildFile; fileRef = 09D5C2E51EC09C14002AACDE /* OtherVC.swift */; };
/* End PBXBuildFile section */

/* Begin PBXContainerItemProxy section */
		09D5C2C31EC0903C002AACDE /* PBXContainerItemProxy */ = {
			isa = PBXContainerItemProxy;
			containerPortal = 09D5C2A61EC0903C002AACDE /* Project object */;
			proxyType = 1;
			remoteGlobalIDString = 09D5C2AD1EC0903C002AACDE;
			remoteInfo = TabWithMenu;
		};
		09D5C2CE1EC0903C002AACDE /* PBXContainerItemProxy */ = {
			isa = PBXContainerItemProxy;
			containerPortal = 09D5C2A61EC0903C002AACDE /* Project object */;
			proxyType = 1;
			remoteGlobalIDString = 09D5C2AD1EC0903C002AACDE;
			remoteInfo = TabWithMenu;
		};
/* End PBXContainerItemProxy section */

/* Begin PBXFileReference section */
		0929AF141EC1A24E00FF18D1 /* SecondTabbarItem.swift */ = {isa = PBXFileReference; fileEncoding = 4; lastKnownFileType = sourcecode.swift; path = SecondTabbarItem.swift; sourceTree = "<group>"; };
		09D5C2AE1EC0903C002AACDE /* TabWithMenu.app */ = {isa = PBXFileReference; explicitFileType = wrapper.application; includeInIndex = 0; path = TabWithMenu.app; sourceTree = BUILT_PRODUCTS_DIR; };
		09D5C2B11EC0903C002AACDE /* AppDelegate.swift */ = {isa = PBXFileReference; lastKnownFileType = sourcecode.swift; path = AppDelegate.swift; sourceTree = "<group>"; };
		09D5C2B31EC0903C002AACDE /* ViewControllerFirst.swift */ = {isa = PBXFileReference; lastKnownFileType = sourcecode.swift; path = ViewControllerFirst.swift; sourceTree = "<group>"; };
		09D5C2B61EC0903C002AACDE /* Base */ = {isa = PBXFileReference; lastKnownFileType = file.storyboard; name = Base; path = Base.lproj/Main.storyboard; sourceTree = "<group>"; };
		09D5C2B81EC0903C002AACDE /* Assets.xcassets */ = {isa = PBXFileReference; lastKnownFileType = folder.assetcatalog; path = Assets.xcassets; sourceTree = "<group>"; };
		09D5C2BB1EC0903C002AACDE /* Base */ = {isa = PBXFileReference; lastKnownFileType = file.storyboard; name = Base; path = Base.lproj/LaunchScreen.storyboard; sourceTree = "<group>"; };
		09D5C2BD1EC0903C002AACDE /* Info.plist */ = {isa = PBXFileReference; lastKnownFileType = text.plist.xml; path = Info.plist; sourceTree = "<group>"; };
		09D5C2C21EC0903C002AACDE /* TabWithMenuTests.xctest */ = {isa = PBXFileReference; explicitFileType = wrapper.cfbundle; includeInIndex = 0; path = TabWithMenuTests.xctest; sourceTree = BUILT_PRODUCTS_DIR; };
		09D5C2C61EC0903C002AACDE /* TabWithMenuTests.swift */ = {isa = PBXFileReference; lastKnownFileType = sourcecode.swift; path = TabWithMenuTests.swift; sourceTree = "<group>"; };
		09D5C2C81EC0903C002AACDE /* Info.plist */ = {isa = PBXFileReference; lastKnownFileType = text.plist.xml; path = Info.plist; sourceTree = "<group>"; };
		09D5C2CD1EC0903C002AACDE /* TabWithMenuUITests.xctest */ = {isa = PBXFileReference; explicitFileType = wrapper.cfbundle; includeInIndex = 0; path = TabWithMenuUITests.xctest; sourceTree = BUILT_PRODUCTS_DIR; };
		09D5C2D11EC0903C002AACDE /* TabWithMenuUITests.swift */ = {isa = PBXFileReference; lastKnownFileType = sourcecode.swift; path = TabWithMenuUITests.swift; sourceTree = "<group>"; };
		09D5C2D31EC0903C002AACDE /* Info.plist */ = {isa = PBXFileReference; lastKnownFileType = text.plist.xml; path = Info.plist; sourceTree = "<group>"; };
		09D5C2DF1EC09067002AACDE /* SWRevealViewController.h */ = {isa = PBXFileReference; fileEncoding = 4; lastKnownFileType = sourcecode.c.h; path = SWRevealViewController.h; sourceTree = "<group>"; };
		09D5C2E01EC09067002AACDE /* SWRevealViewController.m */ = {isa = PBXFileReference; fileEncoding = 4; lastKnownFileType = sourcecode.c.objc; path = SWRevealViewController.m; sourceTree = "<group>"; };
		09D5C2E21EC0908C002AACDE /* TabWithMenu-Bridging-Header.h */ = {isa = PBXFileReference; fileEncoding = 4; lastKnownFileType = sourcecode.c.h; path = "TabWithMenu-Bridging-Header.h"; sourceTree = "<group>"; };
		09D5C2E31EC096A5002AACDE /* MenuVC.swift */ = {isa = PBXFileReference; fileEncoding = 4; lastKnownFileType = sourcecode.swift; path = MenuVC.swift; sourceTree = "<group>"; };
		09D5C2E51EC09C14002AACDE /* OtherVC.swift */ = {isa = PBXFileReference; fileEncoding = 4; lastKnownFileType = sourcecode.swift; path = OtherVC.swift; sourceTree = "<group>"; };
/* End PBXFileReference section */

/* Begin PBXFrameworksBuildPhase section */
		09D5C2AB1EC0903C002AACDE /* Frameworks */ = {
			isa = PBXFrameworksBuildPhase;
			buildActionMask = 2147483647;
			files = (
			);
			runOnlyForDeploymentPostprocessing = 0;
		};
		09D5C2BF1EC0903C002AACDE /* Frameworks */ = {
			isa = PBXFrameworksBuildPhase;
			buildActionMask = 2147483647;
			files = (
			);
			runOnlyForDeploymentPostprocessing = 0;
		};
		09D5C2CA1EC0903C002AACDE /* Frameworks */ = {
			isa = PBXFrameworksBuildPhase;
			buildActionMask = 2147483647;
			files = (
			);
			runOnlyForDeploymentPostprocessing = 0;
		};
/* End PBXFrameworksBuildPhase section */

/* Begin PBXGroup section */
		09D5C2A51EC0903C002AACDE = {
			isa = PBXGroup;
			children = (
				09D5C2B01EC0903C002AACDE /* TabWithMenu */,
				09D5C2C51EC0903C002AACDE /* TabWithMenuTests */,
				09D5C2D01EC0903C002AACDE /* TabWithMenuUITests */,
				09D5C2AF1EC0903C002AACDE /* Products */,
			);
			sourceTree = "<group>";
		};
		09D5C2AF1EC0903C002AACDE /* Products */ = {
			isa = PBXGroup;
			children = (
				09D5C2AE1EC0903C002AACDE /* TabWithMenu.app */,
				09D5C2C21EC0903C002AACDE /* TabWithMenuTests.xctest */,
				09D5C2CD1EC0903C002AACDE /* TabWithMenuUITests.xctest */,
			);
			name = Products;
			sourceTree = "<group>";
		};
		09D5C2B01EC0903C002AACDE /* TabWithMenu */ = {
			isa = PBXGroup;
			children = (
				09D5C2B11EC0903C002AACDE /* AppDelegate.swift */,
				09D5C2B31EC0903C002AACDE /* ViewControllerFirst.swift */,
				09D5C2B51EC0903C002AACDE /* Main.storyboard */,
				09D5C2B81EC0903C002AACDE /* Assets.xcassets */,
				09D5C2BA1EC0903C002AACDE /* LaunchScreen.storyboard */,
				09D5C2BD1EC0903C002AACDE /* Info.plist */,
				09D5C2DF1EC09067002AACDE /* SWRevealViewController.h */,
				09D5C2E01EC09067002AACDE /* SWRevealViewController.m */,
				09D5C2E21EC0908C002AACDE /* TabWithMenu-Bridging-Header.h */,
				09D5C2E31EC096A5002AACDE /* MenuVC.swift */,
				09D5C2E51EC09C14002AACDE /* OtherVC.swift */,
				0929AF141EC1A24E00FF18D1 /* SecondTabbarItem.swift */,
			);
			path = TabWithMenu;
			sourceTree = "<group>";
		};
		09D5C2C51EC0903C002AACDE /* TabWithMenuTests */ = {
			isa = PBXGroup;
			children = (
				09D5C2C61EC0903C002AACDE /* TabWithMenuTests.swift */,
				09D5C2C81EC0903C002AACDE /* Info.plist */,
			);
			path = TabWithMenuTests;
			sourceTree = "<group>";
		};
		09D5C2D01EC0903C002AACDE /* TabWithMenuUITests */ = {
			isa = PBXGroup;
			children = (
				09D5C2D11EC0903C002AACDE /* TabWithMenuUITests.swift */,
				09D5C2D31EC0903C002AACDE /* Info.plist */,
			);
			path = TabWithMenuUITests;
			sourceTree = "<group>";
		};
/* End PBXGroup section */

/* Begin PBXNativeTarget section */
		09D5C2AD1EC0903C002AACDE /* TabWithMenu */ = {
			isa = PBXNativeTarget;
			buildConfigurationList = 09D5C2D61EC0903C002AACDE /* Build configuration list for PBXNativeTarget "TabWithMenu" */;
			buildPhases = (
				09D5C2AA1EC0903C002AACDE /* Sources */,
				09D5C2AB1EC0903C002AACDE /* Frameworks */,
				09D5C2AC1EC0903C002AACDE /* Resources */,
			);
			buildRules = (
			);
			dependencies = (
			);
			name = TabWithMenu;
			productName = TabWithMenu;
			productReference = 09D5C2AE1EC0903C002AACDE /* TabWithMenu.app */;
			productType = "com.apple.product-type.application";
		};
		09D5C2C11EC0903C002AACDE /* TabWithMenuTests */ = {
			isa = PBXNativeTarget;
			buildConfigurationList = 09D5C2D91EC0903C002AACDE /* Build configuration list for PBXNativeTarget "TabWithMenuTests" */;
			buildPhases = (
				09D5C2BE1EC0903C002AACDE /* Sources */,
				09D5C2BF1EC0903C002AACDE /* Frameworks */,
				09D5C2C01EC0903C002AACDE /* Resources */,
			);
			buildRules = (
			);
			dependencies = (
				09D5C2C41EC0903C002AACDE /* PBXTargetDependency */,
			);
			name = TabWithMenuTests;
			productName = TabWithMenuTests;
			productReference = 09D5C2C21EC0903C002AACDE /* TabWithMenuTests.xctest */;
			productType = "com.apple.product-type.bundle.unit-test";
		};
		09D5C2CC1EC0903C002AACDE /* TabWithMenuUITests */ = {
			isa = PBXNativeTarget;
			buildConfigurationList = 09D5C2DC1EC0903C002AACDE /* Build configuration list for PBXNativeTarget "TabWithMenuUITests" */;
			buildPhases = (
				09D5C2C91EC0903C002AACDE /* Sources */,
				09D5C2CA1EC0903C002AACDE /* Frameworks */,
				09D5C2CB1EC0903C002AACDE /* Resources */,
			);
			buildRules = (
			);
			dependencies = (
				09D5C2CF1EC0903C002AACDE /* PBXTargetDependency */,
			);
			name = TabWithMenuUITests;
			productName = TabWithMenuUITests;
			productReference = 09D5C2CD1EC0903C002AACDE /* TabWithMenuUITests.xctest */;
			productType = "com.apple.product-type.bundle.ui-testing";
		};
/* End PBXNativeTarget section */

/* Begin PBXProject section */
		09D5C2A61EC0903C002AACDE /* Project object */ = {
			isa = PBXProject;
			attributes = {
				LastSwiftUpdateCheck = 0830;
				LastUpgradeCheck = 0830;
				ORGANIZATIONNAME = iDeveloper;
				TargetAttributes = {
					09D5C2AD1EC0903C002AACDE = {
						CreatedOnToolsVersion = 8.3.2;
						ProvisioningStyle = Automatic;
					};
					09D5C2C11EC0903C002AACDE = {
						CreatedOnToolsVersion = 8.3.2;
						ProvisioningStyle = Automatic;
						TestTargetID = 09D5C2AD1EC0903C002AACDE;
					};
					09D5C2CC1EC0903C002AACDE = {
						CreatedOnToolsVersion = 8.3.2;
						ProvisioningStyle = Automatic;
						TestTargetID = 09D5C2AD1EC0903C002AACDE;
					};
				};
			};
			buildConfigurationList = 09D5C2A91EC0903C002AACDE /* Build configuration list for PBXProject "TabWithMenu" */;
			compatibilityVersion = "Xcode 3.2";
			developmentRegion = English;
			hasScannedForEncodings = 0;
			knownRegions = (
				en,
				Base,
			);
			mainGroup = 09D5C2A51EC0903C002AACDE;
			productRefGroup = 09D5C2AF1EC0903C002AACDE /* Products */;
			projectDirPath = "";
			projectRoot = "";
			targets = (
				09D5C2AD1EC0903C002AACDE /* TabWithMenu */,
				09D5C2C11EC0903C002AACDE /* TabWithMenuTests */,
				09D5C2CC1EC0903C002AACDE /* TabWithMenuUITests */,
			);
		};
/* End PBXProject section */

/* Begin PBXResourcesBuildPhase section */
		09D5C2AC1EC0903C002AACDE /* Resources */ = {
			isa = PBXResourcesBuildPhase;
			buildActionMask = 2147483647;
			files = (
				09D5C2BC1EC0903C002AACDE /* LaunchScreen.storyboard in Resources */,
				09D5C2B91EC0903C002AACDE /* Assets.xcassets in Resources */,
				09D5C2B71EC0903C002AACDE /* Main.storyboard in Resources */,
			);
			runOnlyForDeploymentPostprocessing = 0;
		};
		09D5C2C01EC0903C002AACDE /* Resources */ = {
			isa = PBXResourcesBuildPhase;
			buildActionMask = 2147483647;
			files = (
			);
			runOnlyForDeploymentPostprocessing = 0;
		};
		09D5C2CB1EC0903C002AACDE /* Resources */ = {
			isa = PBXResourcesBuildPhase;
			buildActionMask = 2147483647;
			files = (
			);
			runOnlyForDeploymentPostprocessing = 0;
		};
/* End PBXResourcesBuildPhase section */

/* Begin PBXSourcesBuildPhase section */
		09D5C2AA1EC0903C002AACDE /* Sources */ = {
			isa = PBXSourcesBuildPhase;
			buildActionMask = 2147483647;
			files = (
				09D5C2B41EC0903C002AACDE /* ViewControllerFirst.swift in Sources */,
				09D5C2E61EC09C14002AACDE /* OtherVC.swift in Sources */,
				0929AF151EC1A24E00FF18D1 /* SecondTabbarItem.swift in Sources */,
				09D5C2E41EC096A5002AACDE /* MenuVC.swift in Sources */,
				09D5C2B21EC0903C002AACDE /* AppDelegate.swift in Sources */,
				09D5C2E11EC09067002AACDE /* SWRevealViewController.m in Sources */,
			);
			runOnlyForDeploymentPostprocessing = 0;
		};
		09D5C2BE1EC0903C002AACDE /* Sources */ = {
			isa = PBXSourcesBuildPhase;
			buildActionMask = 2147483647;
			files = (
				09D5C2C71EC0903C002AACDE /* TabWithMenuTests.swift in Sources */,
			);
			runOnlyForDeploymentPostprocessing = 0;
		};
		09D5C2C91EC0903C002AACDE /* Sources */ = {
			isa = PBXSourcesBuildPhase;
			buildActionMask = 2147483647;
			files = (
				09D5C2D21EC0903C002AACDE /* TabWithMenuUITests.swift in Sources */,
			);
			runOnlyForDeploymentPostprocessing = 0;
		};
/* End PBXSourcesBuildPhase section */

/* Begin PBXTargetDependency section */
		09D5C2C41EC0903C002AACDE /* PBXTargetDependency */ = {
			isa = PBXTargetDependency;
			target = 09D5C2AD1EC0903C002AACDE /* TabWithMenu */;
			targetProxy = 09D5C2C31EC0903C002AACDE /* PBXContainerItemProxy */;
		};
		09D5C2CF1EC0903C002AACDE /* PBXTargetDependency */ = {
			isa = PBXTargetDependency;
			target = 09D5C2AD1EC0903C002AACDE /* TabWithMenu */;
			targetProxy = 09D5C2CE1EC0903C002AACDE /* PBXContainerItemProxy */;
		};
/* End PBXTargetDependency section */

/* Begin PBXVariantGroup section */
		09D5C2B51EC0903C002AACDE /* Main.storyboard */ = {
			isa = PBXVariantGroup;
			children = (
				09D5C2B61EC0903C002AACDE /* Base */,
			);
			name = Main.storyboard;
			sourceTree = "<group>";
		};
		09D5C2BA1EC0903C002AACDE /* LaunchScreen.storyboard */ = {
			isa = PBXVariantGroup;
			children = (
				09D5C2BB1EC0903C002AACDE /* Base */,
			);
			name = LaunchScreen.storyboard;
			sourceTree = "<group>";
		};
/* End PBXVariantGroup section */

/* Begin XCBuildConfiguration section */
		09D5C2D41EC0903C002AACDE /* Debug */ = {
			isa = XCBuildConfiguration;
			buildSettings = {
				ALWAYS_SEARCH_USER_PATHS = NO;
				CLANG_ANALYZER_NONNULL = YES;
				CLANG_ANALYZER_NUMBER_OBJECT_CONVERSION = YES_AGGRESSIVE;
				CLANG_CXX_LANGUAGE_STANDARD = "gnu++0x";
				CLANG_CXX_LIBRARY = "libc++";
				CLANG_ENABLE_MODULES = YES;
				CLANG_ENABLE_OBJC_ARC = YES;
				CLANG_WARN_BOOL_CONVERSION = YES;
				CLANG_WARN_CONSTANT_CONVERSION = YES;
				CLANG_WARN_DIRECT_OBJC_ISA_USAGE = YES_ERROR;
				CLANG_WARN_DOCUMENTATION_COMMENTS = YES;
				CLANG_WARN_EMPTY_BODY = YES;
				CLANG_WARN_ENUM_CONVERSION = YES;
				CLANG_WARN_INFINITE_RECURSION = YES;
				CLANG_WARN_INT_CONVERSION = YES;
				CLANG_WARN_OBJC_ROOT_CLASS = YES_ERROR;
				CLANG_WARN_SUSPICIOUS_MOVE = YES;
				CLANG_WARN_UNREACHABLE_CODE = YES;
				CLANG_WARN__DUPLICATE_METHOD_MATCH = YES;
				"CODE_SIGN_IDENTITY[sdk=iphoneos*]" = "iPhone Developer";
				COPY_PHASE_STRIP = NO;
				DEBUG_INFORMATION_FORMAT = dwarf;
				ENABLE_STRICT_OBJC_MSGSEND = YES;
				ENABLE_TESTABILITY = YES;
				GCC_C_LANGUAGE_STANDARD = gnu99;
				GCC_DYNAMIC_NO_PIC = NO;
				GCC_NO_COMMON_BLOCKS = YES;
				GCC_OPTIMIZATION_LEVEL = 0;
				GCC_PREPROCESSOR_DEFINITIONS = (
					"DEBUG=1",
					"$(inherited)",
				);
				GCC_WARN_64_TO_32_BIT_CONVERSION = YES;
				GCC_WARN_ABOUT_RETURN_TYPE = YES_ERROR;
				GCC_WARN_UNDECLARED_SELECTOR = YES;
				GCC_WARN_UNINITIALIZED_AUTOS = YES_AGGRESSIVE;
				GCC_WARN_UNUSED_FUNCTION = YES;
				GCC_WARN_UNUSED_VARIABLE = YES;
				IPHONEOS_DEPLOYMENT_TARGET = 10.3;
				MTL_ENABLE_DEBUG_INFO = YES;
				ONLY_ACTIVE_ARCH = YES;
				SDKROOT = iphoneos;
				SWIFT_ACTIVE_COMPILATION_CONDITIONS = DEBUG;
				SWIFT_OPTIMIZATION_LEVEL = "-Onone";
				TARGETED_DEVICE_FAMILY = "1,2";
			};
			name = Debug;
		};
		09D5C2D51EC0903C002AACDE /* Release */ = {
			isa = XCBuildConfiguration;
			buildSettings = {
				ALWAYS_SEARCH_USER_PATHS = NO;
				CLANG_ANALYZER_NONNULL = YES;
				CLANG_ANALYZER_NUMBER_OBJECT_CONVERSION = YES_AGGRESSIVE;
				CLANG_CXX_LANGUAGE_STANDARD = "gnu++0x";
				CLANG_CXX_LIBRARY = "libc++";
				CLANG_ENABLE_MODULES = YES;
				CLANG_ENABLE_OBJC_ARC = YES;
				CLANG_WARN_BOOL_CONVERSION = YES;
				CLANG_WARN_CONSTANT_CONVERSION = YES;
				CLANG_WARN_DIRECT_OBJC_ISA_USAGE = YES_ERROR;
				CLANG_WARN_DOCUMENTATION_COMMENTS = YES;
				CLANG_WARN_EMPTY_BODY = YES;
				CLANG_WARN_ENUM_CONVERSION = YES;
				CLANG_WARN_INFINITE_RECURSION = YES;
				CLANG_WARN_INT_CONVERSION = YES;
				CLANG_WARN_OBJC_ROOT_CLASS = YES_ERROR;
				CLANG_WARN_SUSPICIOUS_MOVE = YES;
				CLANG_WARN_UNREACHABLE_CODE = YES;
				CLANG_WARN__DUPLICATE_METHOD_MATCH = YES;
				"CODE_SIGN_IDENTITY[sdk=iphoneos*]" = "iPhone Developer";
				COPY_PHASE_STRIP = NO;
				DEBUG_INFORMATION_FORMAT = "dwarf-with-dsym";
				ENABLE_NS_ASSERTIONS = NO;
				ENABLE_STRICT_OBJC_MSGSEND = YES;
				GCC_C_LANGUAGE_STANDARD = gnu99;
				GCC_NO_COMMON_BLOCKS = YES;
				GCC_WARN_64_TO_32_BIT_CONVERSION = YES;
				GCC_WARN_ABOUT_RETURN_TYPE = YES_ERROR;
				GCC_WARN_UNDECLARED_SELECTOR = YES;
				GCC_WARN_UNINITIALIZED_AUTOS = YES_AGGRESSIVE;
				GCC_WARN_UNUSED_FUNCTION = YES;
				GCC_WARN_UNUSED_VARIABLE = YES;
				IPHONEOS_DEPLOYMENT_TARGET = 10.3;
				MTL_ENABLE_DEBUG_INFO = NO;
				SDKROOT = iphoneos;
				SWIFT_OPTIMIZATION_LEVEL = "-Owholemodule";
				TARGETED_DEVICE_FAMILY = "1,2";
				VALIDATE_PRODUCT = YES;
			};
			name = Release;
		};
		09D5C2D71EC0903C002AACDE /* Debug */ = {
			isa = XCBuildConfiguration;
			buildSettings = {
				ASSETCATALOG_COMPILER_APPICON_NAME = AppIcon;
				INFOPLIST_FILE = TabWithMenu/Info.plist;
				LD_RUNPATH_SEARCH_PATHS = "$(inherited) @executable_path/Frameworks";
				PRODUCT_BUNDLE_IDENTIFIER = InfoEngg.TabWithMenu;
				PRODUCT_NAME = "$(TARGET_NAME)";
				SWIFT_OBJC_BRIDGING_HEADER = "TabWithMenu/TabWithMenu-Bridging-Header.h";
				SWIFT_VERSION = 3.0;
			};
			name = Debug;
		};
		09D5C2D81EC0903C002AACDE /* Release */ = {
			isa = XCBuildConfiguration;
			buildSettings = {
				ASSETCATALOG_COMPILER_APPICON_NAME = AppIcon;
				INFOPLIST_FILE = TabWithMenu/Info.plist;
				LD_RUNPATH_SEARCH_PATHS = "$(inherited) @executable_path/Frameworks";
				PRODUCT_BUNDLE_IDENTIFIER = InfoEngg.TabWithMenu;
				PRODUCT_NAME = "$(TARGET_NAME)";
				SWIFT_OBJC_BRIDGING_HEADER = "TabWithMenu/TabWithMenu-Bridging-Header.h";
				SWIFT_VERSION = 3.0;
			};
			name = Release;
		};
		09D5C2DA1EC0903C002AACDE /* Debug */ = {
			isa = XCBuildConfiguration;
			buildSettings = {
				ALWAYS_EMBED_SWIFT_STANDARD_LIBRARIES = YES;
				BUNDLE_LOADER = "$(TEST_HOST)";
				INFOPLIST_FILE = TabWithMenuTests/Info.plist;
				LD_RUNPATH_SEARCH_PATHS = "$(inherited) @executable_path/Frameworks @loader_path/Frameworks";
				PRODUCT_BUNDLE_IDENTIFIER = InfoEngg.TabWithMenuTests;
				PRODUCT_NAME = "$(TARGET_NAME)";
				SWIFT_VERSION = 3.0;
				TEST_HOST = "$(BUILT_PRODUCTS_DIR)/TabWithMenu.app/TabWithMenu";
			};
			name = Debug;
		};
		09D5C2DB1EC0903C002AACDE /* Release */ = {
			isa = XCBuildConfiguration;
			buildSettings = {
				ALWAYS_EMBED_SWIFT_STANDARD_LIBRARIES = YES;
				BUNDLE_LOADER = "$(TEST_HOST)";
				INFOPLIST_FILE = TabWithMenuTests/Info.plist;
				LD_RUNPATH_SEARCH_PATHS = "$(inherited) @executable_path/Frameworks @loader_path/Frameworks";
				PRODUCT_BUNDLE_IDENTIFIER = InfoEngg.TabWithMenuTests;
				PRODUCT_NAME = "$(TARGET_NAME)";
				SWIFT_VERSION = 3.0;
				TEST_HOST = "$(BUILT_PRODUCTS_DIR)/TabWithMenu.app/TabWithMenu";
			};
			name = Release;
		};
		09D5C2DD1EC0903C002AACDE /* Debug */ = {
			isa = XCBuildConfiguration;
			buildSettings = {
				ALWAYS_EMBED_SWIFT_STANDARD_LIBRARIES = YES;
				INFOPLIST_FILE = TabWithMenuUITests/Info.plist;
				LD_RUNPATH_SEARCH_PATHS = "$(inherited) @executable_path/Frameworks @loader_path/Frameworks";
				PRODUCT_BUNDLE_IDENTIFIER = InfoEngg.TabWithMenuUITests;
				PRODUCT_NAME = "$(TARGET_NAME)";
				SWIFT_VERSION = 3.0;
				TEST_TARGET_NAME = TabWithMenu;
			};
			name = Debug;
		};
		09D5C2DE1EC0903C002AACDE /* Release */ = {
			isa = XCBuildConfiguration;
			buildSettings = {
				ALWAYS_EMBED_SWIFT_STANDARD_LIBRARIES = YES;
				INFOPLIST_FILE = TabWithMenuUITests/Info.plist;
				LD_RUNPATH_SEARCH_PATHS = "$(inherited) @executable_path/Frameworks @loader_path/Frameworks";
				PRODUCT_BUNDLE_IDENTIFIER = InfoEngg.TabWithMenuUITests;
				PRODUCT_NAME = "$(TARGET_NAME)";
				SWIFT_VERSION = 3.0;
				TEST_TARGET_NAME = TabWithMenu;
			};
			name = Release;
		};
/* End XCBuildConfiguration section */

/* Begin XCConfigurationList section */
		09D5C2A91EC0903C002AACDE /* Build configuration list for PBXProject "TabWithMenu" */ = {
			isa = XCConfigurationList;
			buildConfigurations = (
				09D5C2D41EC0903C002AACDE /* Debug */,
				09D5C2D51EC0903C002AACDE /* Release */,
			);
			defaultConfigurationIsVisible = 0;
			defaultConfigurationName = Release;
		};
		09D5C2D61EC0903C002AACDE /* Build configuration list for PBXNativeTarget "TabWithMenu" */ = {
			isa = XCConfigurationList;
			buildConfigurations = (
				09D5C2D71EC0903C002AACDE /* Debug */,
				09D5C2D81EC0903C002AACDE /* Release */,
			);
			defaultConfigurationIsVisible = 0;
			defaultConfigurationName = Release;
		};
		09D5C2D91EC0903C002AACDE /* Build configuration list for PBXNativeTarget "TabWithMenuTests" */ = {
			isa = XCConfigurationList;
			buildConfigurations = (
				09D5C2DA1EC0903C002AACDE /* Debug */,
				09D5C2DB1EC0903C002AACDE /* Release */,
			);
			defaultConfigurationIsVisible = 0;
			defaultConfigurationName = Release;
		};
		09D5C2DC1EC0903C002AACDE /* Build configuration list for PBXNativeTarget "TabWithMenuUITests" */ = {
			isa = XCConfigurationList;
			buildConfigurations = (
				09D5C2DD1EC0903C002AACDE /* Debug */,
				09D5C2DE1EC0903C002AACDE /* Release */,
			);
			defaultConfigurationIsVisible = 0;
			defaultConfigurationName = Release;
		};
/* End XCConfigurationList section */
	};
	rootObject = 09D5C2A61EC0903C002AACDE /* Project object */;
}
